
Microsoft Visual Studio Solution File, Format Version 12.00
# Visual Studio Version 17
VisualStudioVersion = 17.10.35027.167
MinimumVisualStudioVersion = 10.0.40219.1
Project("{FAE04EC0-301F-11D3-BF4B-00C04F79EFBC}") = "SalesWebMvc", "SalesWebMvc\SalesWebMvc.csproj", "{96861F7A-FF01-4F22-BC29-9B150C7B2470}"
EndProject
Global
	GlobalSection(SolutionConfigurationPlatforms) = preSolution
		Debug|Any CPU = Debug|Any CPU
		Release|Any CPU = Release|Any CPU
	EndGlobalSection
	GlobalSection(ProjectConfigurationPlatforms) = postSolution
		{96861F7A-FF01-4F22-BC29-9B150C7B2470}.Debug|Any CPU.ActiveCfg = Debug|Any CPU
		{96861F7A-FF01-4F22-BC29-9B150C7B2470}.Debug|Any CPU.Build.0 = Debug|Any CPU
		{96861F7A-FF01-4F22-BC29-9B150C7B2470}.Release|Any CPU.ActiveCfg = Release|Any CPU
		{96861F7A-FF01-4F22-BC29-9B150C7B2470}.Release|Any CPU.Build.0 = Release|Any CPU
	EndGlobalSection
	GlobalSection(SolutionProperties) = preSolution
		HideSolutionNode = FALSE
	EndGlobalSection
	GlobalSection(ExtensibilityGlobals) = postSolution
		SolutionGuid = {CF64755A-8B78-476F-A7B1-B01D7E4ABC30}
	EndGlobalSection
EndGlobal
